// !$*UTF8*$!
{
	archiveVersion = 1;
	classes = {
	};
	objectVersion = 46;
	objects = {

/* Begin PBXBuildFile section */
		3813EB3E1F7DF6A70060F72C /* QuickbloxHandler.m in Sources */ = {isa = PBXBuildFile; fileRef = 3813EB311F7DF6A60060F72C /* QuickbloxHandler.m */; };
		3813EB3F1F7DF6A70060F72C /* QMSoundManager.m in Sources */ = {isa = PBXBuildFile; fileRef = 3813EB3D1F7DF6A70060F72C /* QMSoundManager.m */; };
		3813EBA51F7E00590060F72C /* QBAVCallPermissions.m in Sources */ = {isa = PBXBuildFile; fileRef = 3813EB301F7DF6A60060F72C /* QBAVCallPermissions.m */; };
		3813EBA61F7E005E0060F72C /* QuickbloxLocalVideoView.m in Sources */ = {isa = PBXBuildFile; fileRef = 3813EB351F7DF6A60060F72C /* QuickbloxLocalVideoView.m */; };
		3813EBA71F7E00600060F72C /* QuickbloxLocalVideoViewManager.m in Sources */ = {isa = PBXBuildFile; fileRef = 3813EB371F7DF6A60060F72C /* QuickbloxLocalVideoViewManager.m */; };
		3813EBA81F7E00630060F72C /* QuickbloxRemoteVideoView.m in Sources */ = {isa = PBXBuildFile; fileRef = 3813EB391F7DF6A60060F72C /* QuickbloxRemoteVideoView.m */; };
		3813EBA91F7E00660060F72C /* QuickbloxRemoteVideoViewManager.m in Sources */ = {isa = PBXBuildFile; fileRef = 3813EB3B1F7DF6A60060F72C /* QuickbloxRemoteVideoViewManager.m */; };
		38877EA51F7E2B43005AD55F /* SerializableQBUser.m in Sources */ = {isa = PBXBuildFile; fileRef = 38877EA41F7E2B43005AD55F /* SerializableQBUser.m */; };
		B3E7B58A1CC2AC0600A0062D /* RNQuickblox.m in Sources */ = {isa = PBXBuildFile; fileRef = B3E7B5891CC2AC0600A0062D /* RNQuickblox.m */; };
/* End PBXBuildFile section */

/* Begin PBXCopyFilesBuildPhase section */
		58B511D91A9E6C8500147676 /* CopyFiles */ = {
			isa = PBXCopyFilesBuildPhase;
			buildActionMask = 2147483647;
			dstPath = "include/$(PRODUCT_NAME)";
			dstSubfolderSpec = 16;
			files = (
			);
			runOnlyForDeploymentPostprocessing = 0;
		};
/* End PBXCopyFilesBuildPhase section */

/* Begin PBXFileReference section */
		134814201AA4EA6300B7C361 /* libRNQuickblox.a */ = {isa = PBXFileReference; explicitFileType = archive.ar; includeInIndex = 0; path = libRNQuickblox.a; sourceTree = BUILT_PRODUCTS_DIR; };
		3813EB2F1F7DF6A60060F72C /* QBAVCallPermissions.h */ = {isa = PBXFileReference; lastKnownFileType = sourcecode.c.h; path = QBAVCallPermissions.h; sourceTree = "<group>"; };
		3813EB301F7DF6A60060F72C /* QBAVCallPermissions.m */ = {isa = PBXFileReference; lastKnownFileType = sourcecode.c.objc; path = QBAVCallPermissions.m; sourceTree = "<group>"; };
		3813EB311F7DF6A60060F72C /* QuickbloxHandler.m */ = {isa = PBXFileReference; lastKnownFileType = sourcecode.c.objc; path = QuickbloxHandler.m; sourceTree = "<group>"; };
		3813EB321F7DF6A60060F72C /* QuickbloxHandler.h */ = {isa = PBXFileReference; lastKnownFileType = sourcecode.c.h; path = QuickbloxHandler.h; sourceTree = "<group>"; };
		3813EB341F7DF6A60060F72C /* QuickbloxLocalVideoView.h */ = {isa = PBXFileReference; lastKnownFileType = sourcecode.c.h; path = QuickbloxLocalVideoView.h; sourceTree = "<group>"; };
		3813EB351F7DF6A60060F72C /* QuickbloxLocalVideoView.m */ = {isa = PBXFileReference; lastKnownFileType = sourcecode.c.objc; path = QuickbloxLocalVideoView.m; sourceTree = "<group>"; };
		3813EB361F7DF6A60060F72C /* QuickbloxLocalVideoViewManager.h */ = {isa = PBXFileReference; lastKnownFileType = sourcecode.c.h; path = QuickbloxLocalVideoViewManager.h; sourceTree = "<group>"; };
		3813EB371F7DF6A60060F72C /* QuickbloxLocalVideoViewManager.m */ = {isa = PBXFileReference; lastKnownFileType = sourcecode.c.objc; path = QuickbloxLocalVideoViewManager.m; sourceTree = "<group>"; };
		3813EB381F7DF6A60060F72C /* QuickbloxRemoteVideoView.h */ = {isa = PBXFileReference; lastKnownFileType = sourcecode.c.h; path = QuickbloxRemoteVideoView.h; sourceTree = "<group>"; };
		3813EB391F7DF6A60060F72C /* QuickbloxRemoteVideoView.m */ = {isa = PBXFileReference; lastKnownFileType = sourcecode.c.objc; path = QuickbloxRemoteVideoView.m; sourceTree = "<group>"; };
		3813EB3A1F7DF6A60060F72C /* QuickbloxRemoteVideoViewManager.h */ = {isa = PBXFileReference; lastKnownFileType = sourcecode.c.h; path = QuickbloxRemoteVideoViewManager.h; sourceTree = "<group>"; };
		3813EB3B1F7DF6A60060F72C /* QuickbloxRemoteVideoViewManager.m */ = {isa = PBXFileReference; lastKnownFileType = sourcecode.c.objc; path = QuickbloxRemoteVideoViewManager.m; sourceTree = "<group>"; };
		3813EB3C1F7DF6A60060F72C /* QMSoundManager.h */ = {isa = PBXFileReference; lastKnownFileType = sourcecode.c.h; path = QMSoundManager.h; sourceTree = "<group>"; };
		3813EB3D1F7DF6A70060F72C /* QMSoundManager.m */ = {isa = PBXFileReference; lastKnownFileType = sourcecode.c.objc; path = QMSoundManager.m; sourceTree = "<group>"; };
		38877EA31F7E2B43005AD55F /* SerializableQBUser.h */ = {isa = PBXFileReference; lastKnownFileType = sourcecode.c.h; path = SerializableQBUser.h; sourceTree = "<group>"; };
		38877EA41F7E2B43005AD55F /* SerializableQBUser.m */ = {isa = PBXFileReference; lastKnownFileType = sourcecode.c.objc; path = SerializableQBUser.m; sourceTree = "<group>"; };
		B3E7B5881CC2AC0600A0062D /* RNQuickblox.h */ = {isa = PBXFileReference; fileEncoding = 4; lastKnownFileType = sourcecode.c.h; path = RNQuickblox.h; sourceTree = "<group>"; };
		B3E7B5891CC2AC0600A0062D /* RNQuickblox.m */ = {isa = PBXFileReference; fileEncoding = 4; lastKnownFileType = sourcecode.c.objc; path = RNQuickblox.m; sourceTree = "<group>"; };
/* End PBXFileReference section */

/* Begin PBXFrameworksBuildPhase section */
		58B511D81A9E6C8500147676 /* Frameworks */ = {
			isa = PBXFrameworksBuildPhase;
			buildActionMask = 2147483647;
			files = (
			);
			runOnlyForDeploymentPostprocessing = 0;
		};
/* End PBXFrameworksBuildPhase section */

/* Begin PBXGroup section */
		134814211AA4EA7D00B7C361 /* Products */ = {
			isa = PBXGroup;
			children = (
				134814201AA4EA6300B7C361 /* libRNQuickblox.a */,
			);
			name = Products;
			sourceTree = "<group>";
		};
		3813EB2E1F7DF6A60060F72C /* AVPermisions */ = {
			isa = PBXGroup;
			children = (
				3813EB2F1F7DF6A60060F72C /* QBAVCallPermissions.h */,
				3813EB301F7DF6A60060F72C /* QBAVCallPermissions.m */,
			);
			path = AVPermisions;
			sourceTree = "<group>";
		};
		3813EB331F7DF6A60060F72C /* QuickbloxView */ = {
			isa = PBXGroup;
			children = (
				3813EB341F7DF6A60060F72C /* QuickbloxLocalVideoView.h */,
				3813EB351F7DF6A60060F72C /* QuickbloxLocalVideoView.m */,
				3813EB361F7DF6A60060F72C /* QuickbloxLocalVideoViewManager.h */,
				3813EB371F7DF6A60060F72C /* QuickbloxLocalVideoViewManager.m */,
				3813EB381F7DF6A60060F72C /* QuickbloxRemoteVideoView.h */,
				3813EB391F7DF6A60060F72C /* QuickbloxRemoteVideoView.m */,
				3813EB3A1F7DF6A60060F72C /* QuickbloxRemoteVideoViewManager.h */,
				3813EB3B1F7DF6A60060F72C /* QuickbloxRemoteVideoViewManager.m */,
			);
			path = QuickbloxView;
			sourceTree = "<group>";
		};
		58B511D21A9E6C8500147676 = {
			isa = PBXGroup;
			children = (
				38877EA31F7E2B43005AD55F /* SerializableQBUser.h */,
				38877EA41F7E2B43005AD55F /* SerializableQBUser.m */,
				3813EB2E1F7DF6A60060F72C /* AVPermisions */,
				3813EB3C1F7DF6A60060F72C /* QMSoundManager.h */,
				3813EB3D1F7DF6A70060F72C /* QMSoundManager.m */,
				3813EB321F7DF6A60060F72C /* QuickbloxHandler.h */,
				3813EB311F7DF6A60060F72C /* QuickbloxHandler.m */,
				3813EB331F7DF6A60060F72C /* QuickbloxView */,
				B3E7B5881CC2AC0600A0062D /* RNQuickblox.h */,
				B3E7B5891CC2AC0600A0062D /* RNQuickblox.m */,
				134814211AA4EA7D00B7C361 /* Products */,
			);
			sourceTree = "<group>";
		};
/* End PBXGroup section */

/* Begin PBXNativeTarget section */
		58B511DA1A9E6C8500147676 /* RNQuickblox */ = {
			isa = PBXNativeTarget;
			buildConfigurationList = 58B511EF1A9E6C8500147676 /* Build configuration list for PBXNativeTarget "RNQuickblox" */;
			buildPhases = (
				58B511D71A9E6C8500147676 /* Sources */,
				58B511D81A9E6C8500147676 /* Frameworks */,
				58B511D91A9E6C8500147676 /* CopyFiles */,
			);
			buildRules = (
			);
			dependencies = (
			);
			name = RNQuickblox;
			productName = RCTDataManager;
			productReference = 134814201AA4EA6300B7C361 /* libRNQuickblox.a */;
			productType = "com.apple.product-type.library.static";
		};
/* End PBXNativeTarget section */

/* Begin PBXProject section */
		58B511D31A9E6C8500147676 /* Project object */ = {
			isa = PBXProject;
			attributes = {
				LastUpgradeCheck = 0830;
				ORGANIZATIONNAME = "Dat Tran";
				TargetAttributes = {
					58B511DA1A9E6C8500147676 = {
						CreatedOnToolsVersion = 6.1.1;
					};
				};
			};
			buildConfigurationList = 58B511D61A9E6C8500147676 /* Build configuration list for PBXProject "RNQuickblox" */;
			compatibilityVersion = "Xcode 3.2";
			developmentRegion = English;
			hasScannedForEncodings = 0;
			knownRegions = (
				en,
			);
			mainGroup = 58B511D21A9E6C8500147676;
			productRefGroup = 58B511D21A9E6C8500147676;
			projectDirPath = "";
			projectRoot = "";
			targets = (
				58B511DA1A9E6C8500147676 /* RNQuickblox */,
			);
		};
/* End PBXProject section */

/* Begin PBXSourcesBuildPhase section */
		58B511D71A9E6C8500147676 /* Sources */ = {
			isa = PBXSourcesBuildPhase;
			buildActionMask = 2147483647;
			files = (
				38877EA51F7E2B43005AD55F /* SerializableQBUser.m in Sources */,
				B3E7B58A1CC2AC0600A0062D /* RNQuickblox.m in Sources */,
				3813EB3F1F7DF6A70060F72C /* QMSoundManager.m in Sources */,
				3813EBA51F7E00590060F72C /* QBAVCallPermissions.m in Sources */,
				3813EB3E1F7DF6A70060F72C /* QuickbloxHandler.m in Sources */,
				3813EBA71F7E00600060F72C /* QuickbloxLocalVideoViewManager.m in Sources */,
				3813EBA91F7E00660060F72C /* QuickbloxRemoteVideoViewManager.m in Sources */,
				3813EBA61F7E005E0060F72C /* QuickbloxLocalVideoView.m in Sources */,
				3813EBA81F7E00630060F72C /* QuickbloxRemoteVideoView.m in Sources */,
			);
			runOnlyForDeploymentPostprocessing = 0;
		};
/* End PBXSourcesBuildPhase section */

/* Begin XCBuildConfiguration section */
		58B511ED1A9E6C8500147676 /* Debug */ = {
			isa = XCBuildConfiguration;
			buildSettings = {
				ALWAYS_SEARCH_USER_PATHS = NO;
				CLANG_CXX_LANGUAGE_STANDARD = "gnu++0x";
				CLANG_CXX_LIBRARY = "libc++";
				CLANG_ENABLE_MODULES = YES;
				CLANG_ENABLE_OBJC_ARC = YES;
				CLANG_WARN_BOOL_CONVERSION = YES;
				CLANG_WARN_CONSTANT_CONVERSION = YES;
				CLANG_WARN_DIRECT_OBJC_ISA_USAGE = YES_ERROR;
				CLANG_WARN_EMPTY_BODY = YES;
				CLANG_WARN_ENUM_CONVERSION = YES;
				CLANG_WARN_INFINITE_RECURSION = YES;
				CLANG_WARN_INT_CONVERSION = YES;
				CLANG_WARN_OBJC_ROOT_CLASS = YES_ERROR;
				CLANG_WARN_SUSPICIOUS_MOVE = YES;
				CLANG_WARN_UNREACHABLE_CODE = YES;
				CLANG_WARN__DUPLICATE_METHOD_MATCH = YES;
				COPY_PHASE_STRIP = NO;
				ENABLE_STRICT_OBJC_MSGSEND = YES;
				ENABLE_TESTABILITY = YES;
				GCC_C_LANGUAGE_STANDARD = gnu99;
				GCC_DYNAMIC_NO_PIC = NO;
				GCC_NO_COMMON_BLOCKS = YES;
				GCC_OPTIMIZATION_LEVEL = 0;
				GCC_PREPROCESSOR_DEFINITIONS = (
					"DEBUG=1",
					"$(inherited)",
				);
				GCC_SYMBOLS_PRIVATE_EXTERN = NO;
				GCC_WARN_64_TO_32_BIT_CONVERSION = YES;
				GCC_WARN_ABOUT_RETURN_TYPE = YES_ERROR;
				GCC_WARN_UNDECLARED_SELECTOR = YES;
				GCC_WARN_UNINITIALIZED_AUTOS = YES_AGGRESSIVE;
				GCC_WARN_UNUSED_FUNCTION = YES;
				GCC_WARN_UNUSED_VARIABLE = YES;
				IPHONEOS_DEPLOYMENT_TARGET = 8.0;
				MTL_ENABLE_DEBUG_INFO = YES;
				ONLY_ACTIVE_ARCH = YES;
				SDKROOT = iphoneos;
			};
			name = Debug;
		};
		58B511EE1A9E6C8500147676 /* Release */ = {
			isa = XCBuildConfiguration;
			buildSettings = {
				ALWAYS_SEARCH_USER_PATHS = NO;
				CLANG_CXX_LANGUAGE_STANDARD = "gnu++0x";
				CLANG_CXX_LIBRARY = "libc++";
				CLANG_ENABLE_MODULES = YES;
				CLANG_ENABLE_OBJC_ARC = YES;
				CLANG_WARN_BOOL_CONVERSION = YES;
				CLANG_WARN_CONSTANT_CONVERSION = YES;
				CLANG_WARN_DIRECT_OBJC_ISA_USAGE = YES_ERROR;
				CLANG_WARN_EMPTY_BODY = YES;
				CLANG_WARN_ENUM_CONVERSION = YES;
				CLANG_WARN_INFINITE_RECURSION = YES;
				CLANG_WARN_INT_CONVERSION = YES;
				CLANG_WARN_OBJC_ROOT_CLASS = YES_ERROR;
				CLANG_WARN_SUSPICIOUS_MOVE = YES;
				CLANG_WARN_UNREACHABLE_CODE = YES;
				CLANG_WARN__DUPLICATE_METHOD_MATCH = YES;
				COPY_PHASE_STRIP = YES;
				ENABLE_NS_ASSERTIONS = NO;
				ENABLE_STRICT_OBJC_MSGSEND = YES;
				GCC_C_LANGUAGE_STANDARD = gnu99;
				GCC_NO_COMMON_BLOCKS = YES;
				GCC_WARN_64_TO_32_BIT_CONVERSION = YES;
				GCC_WARN_ABOUT_RETURN_TYPE = YES_ERROR;
				GCC_WARN_UNDECLARED_SELECTOR = YES;
				GCC_WARN_UNINITIALIZED_AUTOS = YES_AGGRESSIVE;
				GCC_WARN_UNUSED_FUNCTION = YES;
				GCC_WARN_UNUSED_VARIABLE = YES;
				IPHONEOS_DEPLOYMENT_TARGET = 8.0;
				MTL_ENABLE_DEBUG_INFO = NO;
				SDKROOT = iphoneos;
				VALIDATE_PRODUCT = YES;
			};
			name = Release;
		};
		58B511F01A9E6C8500147676 /* Debug */ = {
			isa = XCBuildConfiguration;
			buildSettings = {
				FRAMEWORK_SEARCH_PATHS = (
					"\"../../../ios/Pods/QuickBlox\"",
					"\"../../../ios/Pods/Quickblox-WebRTC\"",
				);
				HEADER_SEARCH_PATHS = (
					"$(inherited)",
					/Applications/Xcode.app/Contents/Developer/Toolchains/XcodeDefault.xctoolchain/usr/include,
					"$(SRCROOT)/../../../React/**",
					"$(SRCROOT)/../../react-native/React/**",
					"\"../../../ios/Pods/Mantle\"",
				);
				LIBRARY_SEARCH_PATHS = "$(inherited)";
				OTHER_LDFLAGS = "-ObjC";
				PRODUCT_NAME = RNQuickblox;
				SKIP_INSTALL = YES;
			};
			name = Debug;
		};
		58B511F11A9E6C8500147676 /* Release */ = {
			isa = XCBuildConfiguration;
			buildSettings = {
				FRAMEWORK_SEARCH_PATHS = (
					"\"../../../ios/Pods/QuickBlox\"",
					"\"../../../ios/Pods/Quickblox-WebRTC\"",
				);
				HEADER_SEARCH_PATHS = (
					"$(inherited)",
					/Applications/Xcode.app/Contents/Developer/Toolchains/XcodeDefault.xctoolchain/usr/include,
					"$(SRCROOT)/../../../React/**",
					"$(SRCROOT)/../../react-native/React/**",
					"\"../../../ios/Pods/Mantle\"",
				);
				LIBRARY_SEARCH_PATHS = "$(inherited)";
				OTHER_LDFLAGS = "-ObjC";
				PRODUCT_NAME = RNQuickblox;
				SKIP_INSTALL = YES;
			};
			name = Release;
		};
/* End XCBuildConfiguration section */

/* Begin XCConfigurationList section */
		58B511D61A9E6C8500147676 /* Build configuration list for PBXProject "RNQuickblox" */ = {
			isa = XCConfigurationList;
			buildConfigurations = (
				58B511ED1A9E6C8500147676 /* Debug */,
				58B511EE1A9E6C8500147676 /* Release */,
			);
			defaultConfigurationIsVisible = 0;
			defaultConfigurationName = Release;
		};
		58B511EF1A9E6C8500147676 /* Build configuration list for PBXNativeTarget "RNQuickblox" */ = {
			isa = XCConfigurationList;
			buildConfigurations = (
				58B511F01A9E6C8500147676 /* Debug */,
				58B511F11A9E6C8500147676 /* Release */,
			);
			defaultConfigurationIsVisible = 0;
			defaultConfigurationName = Release;
		};
/* End XCConfigurationList section */
	};
	rootObject = 58B511D31A9E6C8500147676 /* Project object */;
}
